{
    "_readme": [
        "This file locks the dependencies of your project to a known state",
        "Read more about it at https://getcomposer.org/doc/01-basic-usage.md#composer-lock-the-lock-file",
        "This file is @generated automatically"
    ],
    "hash": "01de92a83b4e67289c17009a2ba9818c",
    "content-hash": "d6bfc7dbec35775dd0de206469d52146",
    "packages": [
        {
            "name": "gregwar/cache",
            "version": "v1.0.10",
            "target-dir": "Gregwar/Cache",
            "source": {
                "type": "git",
                "url": "https://github.com/Gregwar/Cache.git",
                "reference": "0a1a02e4943e95f491b3d2395609247385975622"
            },
            "dist": {
                "type": "zip",
                "url": "https://api.github.com/repos/Gregwar/Cache/zipball/0a1a02e4943e95f491b3d2395609247385975622",
                "reference": "0a1a02e4943e95f491b3d2395609247385975622",
                "shasum": ""
            },
            "require": {
                "php": ">=5.3"
            },
            "type": "library",
            "autoload": {
                "psr-0": {
                    "Gregwar\\Cache": ""
                }
            },
            "notification-url": "https://packagist.org/downloads/",
            "license": [
                "MIT"
            ],
            "authors": [
                {
                    "name": "Gregwar",
                    "email": "g.passault@gmail.com"
                }
            ],
            "description": "A lightweight file-system cache system",
            "keywords": [
                "cache",
                "caching",
                "file-system",
                "system"
            ],
            "time": "2014-09-24 11:23:30"
        },
        {
            "name": "gregwar/image",
            "version": "v2.0.20",
            "target-dir": "Gregwar/Image",
            "source": {
                "type": "git",
                "url": "https://github.com/Gregwar/Image.git",
                "reference": "2c6bf2fb3b0eb844f0568d6ee55eeb86fc799414"
            },
            "dist": {
                "type": "zip",
                "url": "https://api.github.com/repos/Gregwar/Image/zipball/2c6bf2fb3b0eb844f0568d6ee55eeb86fc799414",
                "reference": "2c6bf2fb3b0eb844f0568d6ee55eeb86fc799414",
                "shasum": ""
            },
            "require": {
                "ext-gd": "*",
                "gregwar/cache": "1.*",
                "php": ">=5.3.0"
            },
            "suggest": {
                "behat/transliterator": "Transliterator provides ability to set non-latin1 pretty names"
            },
            "type": "library",
            "autoload": {
                "psr-0": {
                    "Gregwar\\Image": ""
                }
            },
            "notification-url": "https://packagist.org/downloads/",
            "license": [
                "MIT"
            ],
            "authors": [
                {
                    "name": "Grégoire Passault",
                    "email": "g.passault@gmail.com",
                    "homepage": "http://www.gregwar.com/"
                }
            ],
            "description": "Image handling",
            "homepage": "https://github.com/Gregwar/Image",
            "keywords": [
                "gd",
                "image"
            ],
            "time": "2015-05-30 19:24:37"
        },
        {
            "name": "joernroeder/pocomd",
            "version": "dev-master",
            "source": {
                "type": "git",
                "url": "https://github.com/joernroeder/pocomd.git",
                "reference": "c22706992afd978fdec00bd8ba6ca1e85cd7effc"
            },
            "dist": {
                "type": "zip",
                "url": "https://api.github.com/repos/joernroeder/pocomd/zipball/c22706992afd978fdec00bd8ba6ca1e85cd7effc",
                "reference": "c22706992afd978fdec00bd8ba6ca1e85cd7effc",
                "shasum": ""
            },
            "require": {
                "gregwar/image": "^2.0",
                "michelf/php-markdown": "^1.6"
            },
            "require-dev": {
                "phpunit/phpunit": "5.1.*"
            },
            "type": "library",
            "autoload": {
                "psr-4": {
                    "joernroeder\\Pocomd\\": "src/"
                }
            },
            "autoload-dev": {
                "psr-4": {
                    "joernroeder\\Pocomd\\Tests\\": "tests/"
                }
            },
            "license": [
                "MIT"
            ],
            "authors": [
                {
                    "name": "Jörn Röder",
                    "email": "me@joernroeder.de"
                }
            ],
            "description": "poco.md is a file based content provision framework for static websites.",
            "support": {
                "source": "https://github.com/joernroeder/pocomd/tree/master",
                "issues": "https://github.com/joernroeder/pocomd/issues"
            },
            "time": "2016-05-04 21:43:29"
        },
        {
            "name": "michelf/php-markdown",
            "version": "1.6.0",
            "source": {
                "type": "git",
                "url": "https://github.com/michelf/php-markdown.git",
                "reference": "156e56ee036505ec637d761ee62dc425d807183c"
            },
            "dist": {
                "type": "zip",
                "url": "https://api.github.com/repos/michelf/php-markdown/zipball/156e56ee036505ec637d761ee62dc425d807183c",
                "reference": "156e56ee036505ec637d761ee62dc425d807183c",
                "shasum": ""
            },
            "require": {
                "php": ">=5.3.0"
            },
            "type": "library",
            "extra": {
                "branch-alias": {
                    "dev-lib": "1.4.x-dev"
                }
            },
            "autoload": {
                "psr-0": {
                    "Michelf": ""
                }
            },
            "notification-url": "https://packagist.org/downloads/",
            "license": [
                "BSD-3-Clause"
            ],
            "authors": [
                {
                    "name": "Michel Fortin",
                    "email": "michel.fortin@michelf.ca",
                    "homepage": "https://michelf.ca/",
                    "role": "Developer"
                },
                {
                    "name": "John Gruber",
                    "homepage": "https://daringfireball.net/"
                }
            ],
            "description": "PHP Markdown",
            "homepage": "https://michelf.ca/projects/php-markdown/",
            "keywords": [
                "markdown"
            ],
            "time": "2015-12-24 01:37:31"
        },
        {
            "name": "mikecao/flight",
            "version": "v1.2.20",
            "source": {
                "type": "git",
                "url": "https://github.com/mikecao/flight.git",
                "reference": "f3fa0513fe2e1994923793b85c593b7f2b644001"
            },
            "dist": {
                "type": "zip",
                "url": "https://api.github.com/repos/mikecao/flight/zipball/f3fa0513fe2e1994923793b85c593b7f2b644001",
                "reference": "f3fa0513fe2e1994923793b85c593b7f2b644001",
                "shasum": ""
            },
            "require": {
                "php": ">=5.3.0"
            },
            "require-dev": {
                "phpunit/phpunit": "~4.6"
            },
            "type": "library",
            "autoload": {
                "files": [
                    "flight/autoload.php",
                    "flight/Flight.php"
                ]
            },
            "notification-url": "https://packagist.org/downloads/",
            "license": [
                "MIT"
            ],
            "authors": [
                {
                    "name": "Mike Cao",
                    "email": "mike@mikecao.com",
                    "homepage": "http://www.mikecao.com/",
                    "role": "Original Developer"
                }
            ],
            "description": "Flight is a fast, simple, extensible framework for PHP. Flight enables you to quickly and easily build RESTful web applications.",
            "homepage": "http://flightphp.com",
            "time": "2016-02-29 08:38:10"
        },
        {
            "name": "twig/twig",
            "version": "v1.24.0",
            "source": {
                "type": "git",
                "url": "https://github.com/twigphp/Twig.git",
                "reference": "3e5aa30ebfbafd5951fb1b01e338e1800ce7e0e8"
            },
            "dist": {
                "type": "zip",
                "url": "https://api.github.com/repos/twigphp/Twig/zipball/3e5aa30ebfbafd5951fb1b01e338e1800ce7e0e8",
                "reference": "3e5aa30ebfbafd5951fb1b01e338e1800ce7e0e8",
                "shasum": ""
            },
            "require": {
                "php": ">=5.2.7"
            },
            "require-dev": {
                "symfony/debug": "~2.7",
                "symfony/phpunit-bridge": "~2.7"
            },
            "type": "library",
            "extra": {
                "branch-alias": {
                    "dev-master": "1.24-dev"
                }
            },
            "autoload": {
                "psr-0": {
                    "Twig_": "lib/"
                }
            },
            "notification-url": "https://packagist.org/downloads/",
            "license": [
                "BSD-3-Clause"
            ],
            "authors": [
                {
                    "name": "Fabien Potencier",
                    "email": "fabien@symfony.com",
                    "homepage": "http://fabien.potencier.org",
                    "role": "Lead Developer"
                },
                {
                    "name": "Armin Ronacher",
                    "email": "armin.ronacher@active-4.com",
                    "role": "Project Founder"
                },
                {
                    "name": "Twig Team",
                    "homepage": "http://twig.sensiolabs.org/contributors",
                    "role": "Contributors"
                }
            ],
            "description": "Twig, the flexible, fast, and secure template language for PHP",
            "homepage": "http://twig.sensiolabs.org",
            "keywords": [
                "templating"
            ],
            "time": "2016-01-25 21:22:18"
        }
    ],
    "packages-dev": [],
    "aliases": [],
    "minimum-stability": "stable",
    "stability-flags": {
        "joernroeder/pocomd": 20
    },
    "prefer-stable": false,
    "prefer-lowest": false,
    "platform": [],
    "platform-dev": []
}
